
Microsoft Visual Studio Solution File, Format Version 12.00
# Visual Studio Version 17
VisualStudioVersion = 17.13.35919.96 d17.13
MinimumVisualStudioVersion = 10.0.40219.1
Project("{FAE04EC0-301F-11D3-BF4B-00C04F79EFBC}") = "app1", "app1\app1.csproj", "{AE624F28-184A-4EC1-BA94-870B09BA4EED}"
EndProject
Global
	GlobalSection(SolutionConfigurationPlatforms) = preSolution
		Debug|Any CPU = Debug|Any CPU
		Release|Any CPU = Release|Any CPU
	EndGlobalSection
	GlobalSection(ProjectConfigurationPlatforms) = postSolution
		{AE624F28-184A-4EC1-BA94-870B09BA4EED}.Debug|Any CPU.ActiveCfg = Debug|Any CPU
		{AE624F28-184A-4EC1-BA94-870B09BA4EED}.Debug|Any CPU.Build.0 = Debug|Any CPU
		{AE624F28-184A-4EC1-BA94-870B09BA4EED}.Release|Any CPU.ActiveCfg = Release|Any CPU
		{AE624F28-184A-4EC1-BA94-870B09BA4EED}.Release|Any CPU.Build.0 = Release|Any CPU
	EndGlobalSection
	GlobalSection(SolutionProperties) = preSolution
		HideSolutionNode = FALSE
	EndGlobalSection
	GlobalSection(ExtensibilityGlobals) = postSolution
		SolutionGuid = {3C5C5B30-E9C5-4230-8D2F-BDE14ED090C2}
	EndGlobalSection
EndGlobal
